# This file is autogenerated, do not edit; changes may be undone by the next 'dep ensure'.


[[projects]]
  digest = "1:38dee42c75e56389087daa6f1e59d0ed5dea7d7f005f6971c3882032f1165ae3"
  name = "github.com/Shopify/ejson"
  packages = [
    ".",
    "crypto",
    "json",
  ]
  pruneopts = "UT"
  revision = "ce9261f21575d3fb0ceda6795935ddd8800563a9"
  version = "1.1.0"

[[projects]]
  digest = "1:ef008b0a80fd3f20385d3c87041085504fd79547c7dd872a295467cc5ca4ea24"
  name = "github.com/dustin/gojson"
  packages = ["."]
  pruneopts = "UT"
  revision = "057ac0edc14e44d03df3bb03449e666ff50884c1"

[[projects]]
  branch = "master"
  digest = "1:359748076db09ce69fe1c6c8eb72890ec2aad07f06a24a8dc9bdb010bd9bc8f0"
  name = "github.com/taskcluster/shell"
  packages = ["."]
  pruneopts = "UT"
  revision = "4039a2cd6f88f2d42643202f189a7e30a5223224"

[[projects]]
  digest = "1:b24d38b282bacf9791408a080f606370efa3d364e4b5fd9ba0f7b87786d3b679"
  name = "github.com/urfave/cli"
  packages = ["."]
  pruneopts = "UT"
  revision = "cfb38830724cc34fedffe9a2a29fb54fa9169cd1"
  version = "v1.20.0"

[[projects]]
  digest = "1:edfe1808958ddd8ec07c6a62fbd0a89bca3c9877553b96b306d6a3161ab8785c"
  name = "golang.org/x/crypto"
  packages = [
    "curve25519",
    "nacl/box",
    "nacl/secretbox",
    "poly1305",
    "salsa20/salsa",
  ]
  pruneopts = "UT"
  revision = "ca7e7f10cb9fd9c1a6ff7f60436c086d73714180"

[solve-meta]
  analyzer-name = "dep"
  analyzer-version = 1
  input-imports = [
    "github.com/Shopify/ejson",
    "github.com/taskcluster/shell",
    "github.com/urfave/cli",
  ]
  solver-name = "gps-cdcl"
  solver-version = 1
